// !$*UTF8*$!
{
	archiveVersion = 1;
	classes = {
	};
	objectVersion = 46;
	objects = {

/* Begin PBXBuildFile section */
		CD3297E11BB1B06F00C2EF35 /* AppDelegate.swift in Sources */ = {isa = PBXBuildFile; fileRef = CD3297E01BB1B06F00C2EF35 /* AppDelegate.swift */; };
		CD3297E31BB1B06F00C2EF35 /* ViewController.swift in Sources */ = {isa = PBXBuildFile; fileRef = CD3297E21BB1B06F00C2EF35 /* ViewController.swift */; };
		CD3297E61BB1B06F00C2EF35 /* Main.storyboard in Resources */ = {isa = PBXBuildFile; fileRef = CD3297E41BB1B06F00C2EF35 /* Main.storyboard */; };
		CD3297E81BB1B06F00C2EF35 /* Assets.xcassets in Resources */ = {isa = PBXBuildFile; fileRef = CD3297E71BB1B06F00C2EF35 /* Assets.xcassets */; };
		CD3297EB1BB1B06F00C2EF35 /* LaunchScreen.storyboard in Resources */ = {isa = PBXBuildFile; fileRef = CD3297E91BB1B06F00C2EF35 /* LaunchScreen.storyboard */; };
		CD3297F61BB1B06F00C2EF35 /* lab3Tests.swift in Sources */ = {isa = PBXBuildFile; fileRef = CD3297F51BB1B06F00C2EF35 /* lab3Tests.swift */; };
		CD3298011BB1B06F00C2EF35 /* lab3UITests.swift in Sources */ = {isa = PBXBuildFile; fileRef = CD3298001BB1B06F00C2EF35 /* lab3UITests.swift */; };
/* End PBXBuildFile section */

/* Begin PBXContainerItemProxy section */
		CD3297F21BB1B06F00C2EF35 /* PBXContainerItemProxy */ = {
			isa = PBXContainerItemProxy;
			containerPortal = CD3297D51BB1B06F00C2EF35 /* Project object */;
			proxyType = 1;
			remoteGlobalIDString = CD3297DC1BB1B06F00C2EF35;
			remoteInfo = lab3;
		};
		CD3297FD1BB1B06F00C2EF35 /* PBXContainerItemProxy */ = {
			isa = PBXContainerItemProxy;
			containerPortal = CD3297D51BB1B06F00C2EF35 /* Project object */;
			proxyType = 1;
			remoteGlobalIDString = CD3297DC1BB1B06F00C2EF35;
			remoteInfo = lab3;
		};
/* End PBXContainerItemProxy section */

/* Begin PBXFileReference section */
		CD3297DD1BB1B06F00C2EF35 /* lab3.app */ = {isa = PBXFileReference; explicitFileType = wrapper.application; includeInIndex = 0; path = lab3.app; sourceTree = BUILT_PRODUCTS_DIR; };
		CD3297E01BB1B06F00C2EF35 /* AppDelegate.swift */ = {isa = PBXFileReference; lastKnownFileType = sourcecode.swift; path = AppDelegate.swift; sourceTree = "<group>"; };
		CD3297E21BB1B06F00C2EF35 /* ViewController.swift */ = {isa = PBXFileReference; lastKnownFileType = sourcecode.swift; path = ViewController.swift; sourceTree = "<group>"; };
		CD3297E51BB1B06F00C2EF35 /* Base */ = {isa = PBXFileReference; lastKnownFileType = file.storyboard; name = Base; path = Base.lproj/Main.storyboard; sourceTree = "<group>"; };
		CD3297E71BB1B06F00C2EF35 /* Assets.xcassets */ = {isa = PBXFileReference; lastKnownFileType = folder.assetcatalog; path = Assets.xcassets; sourceTree = "<group>"; };
		CD3297EA1BB1B06F00C2EF35 /* Base */ = {isa = PBXFileReference; lastKnownFileType = file.storyboard; name = Base; path = Base.lproj/LaunchScreen.storyboard; sourceTree = "<group>"; };
		CD3297EC1BB1B06F00C2EF35 /* Info.plist */ = {isa = PBXFileReference; lastKnownFileType = text.plist.xml; path = Info.plist; sourceTree = "<group>"; };
		CD3297F11BB1B06F00C2EF35 /* lab3Tests.xctest */ = {isa = PBXFileReference; explicitFileType = wrapper.cfbundle; includeInIndex = 0; path = lab3Tests.xctest; sourceTree = BUILT_PRODUCTS_DIR; };
		CD3297F51BB1B06F00C2EF35 /* lab3Tests.swift */ = {isa = PBXFileReference; lastKnownFileType = sourcecode.swift; path = lab3Tests.swift; sourceTree = "<group>"; };
		CD3297F71BB1B06F00C2EF35 /* Info.plist */ = {isa = PBXFileReference; lastKnownFileType = text.plist.xml; path = Info.plist; sourceTree = "<group>"; };
		CD3297FC1BB1B06F00C2EF35 /* lab3UITests.xctest */ = {isa = PBXFileReference; explicitFileType = wrapper.cfbundle; includeInIndex = 0; path = lab3UITests.xctest; sourceTree = BUILT_PRODUCTS_DIR; };
		CD3298001BB1B06F00C2EF35 /* lab3UITests.swift */ = {isa = PBXFileReference; lastKnownFileType = sourcecode.swift; path = lab3UITests.swift; sourceTree = "<group>"; };
		CD3298021BB1B06F00C2EF35 /* Info.plist */ = {isa = PBXFileReference; lastKnownFileType = text.plist.xml; path = Info.plist; sourceTree = "<group>"; };
/* End PBXFileReference section */

/* Begin PBXFrameworksBuildPhase section */
		CD3297DA1BB1B06F00C2EF35 /* Frameworks */ = {
			isa = PBXFrameworksBuildPhase;
			buildActionMask = 2147483647;
			files = (
			);
			runOnlyForDeploymentPostprocessing = 0;
		};
		CD3297EE1BB1B06F00C2EF35 /* Frameworks */ = {
			isa = PBXFrameworksBuildPhase;
			buildActionMask = 2147483647;
			files = (
			);
			runOnlyForDeploymentPostprocessing = 0;
		};
		CD3297F91BB1B06F00C2EF35 /* Frameworks */ = {
			isa = PBXFrameworksBuildPhase;
			buildActionMask = 2147483647;
			files = (
			);
			runOnlyForDeploymentPostprocessing = 0;
		};
/* End PBXFrameworksBuildPhase section */

/* Begin PBXGroup section */
		CD3297D41BB1B06F00C2EF35 = {
			isa = PBXGroup;
			children = (
				CD3297DF1BB1B06F00C2EF35 /* lab3 */,
				CD3297F41BB1B06F00C2EF35 /* lab3Tests */,
				CD3297FF1BB1B06F00C2EF35 /* lab3UITests */,
				CD3297DE1BB1B06F00C2EF35 /* Products */,
			);
			sourceTree = "<group>";
		};
		CD3297DE1BB1B06F00C2EF35 /* Products */ = {
			isa = PBXGroup;
			children = (
				CD3297DD1BB1B06F00C2EF35 /* lab3.app */,
				CD3297F11BB1B06F00C2EF35 /* lab3Tests.xctest */,
				CD3297FC1BB1B06F00C2EF35 /* lab3UITests.xctest */,
			);
			name = Products;
			sourceTree = "<group>";
		};
		CD3297DF1BB1B06F00C2EF35 /* lab3 */ = {
			isa = PBXGroup;
			children = (
				CD3297E01BB1B06F00C2EF35 /* AppDelegate.swift */,
				CD3297E21BB1B06F00C2EF35 /* ViewController.swift */,
				CD3297E41BB1B06F00C2EF35 /* Main.storyboard */,
				CD3297E71BB1B06F00C2EF35 /* Assets.xcassets */,
				CD3297E91BB1B06F00C2EF35 /* LaunchScreen.storyboard */,
				CD3297EC1BB1B06F00C2EF35 /* Info.plist */,
			);
			path = lab3;
			sourceTree = "<group>";
		};
		CD3297F41BB1B06F00C2EF35 /* lab3Tests */ = {
			isa = PBXGroup;
			children = (
				CD3297F51BB1B06F00C2EF35 /* lab3Tests.swift */,
				CD3297F71BB1B06F00C2EF35 /* Info.plist */,
			);
			path = lab3Tests;
			sourceTree = "<group>";
		};
		CD3297FF1BB1B06F00C2EF35 /* lab3UITests */ = {
			isa = PBXGroup;
			children = (
				CD3298001BB1B06F00C2EF35 /* lab3UITests.swift */,
				CD3298021BB1B06F00C2EF35 /* Info.plist */,
			);
			path = lab3UITests;
			sourceTree = "<group>";
		};
/* End PBXGroup section */

/* Begin PBXNativeTarget section */
		CD3297DC1BB1B06F00C2EF35 /* lab3 */ = {
			isa = PBXNativeTarget;
			buildConfigurationList = CD3298051BB1B06F00C2EF35 /* Build configuration list for PBXNativeTarget "lab3" */;
			buildPhases = (
				CD3297D91BB1B06F00C2EF35 /* Sources */,
				CD3297DA1BB1B06F00C2EF35 /* Frameworks */,
				CD3297DB1BB1B06F00C2EF35 /* Resources */,
			);
			buildRules = (
			);
			dependencies = (
			);
			name = lab3;
			productName = lab3;
			productReference = CD3297DD1BB1B06F00C2EF35 /* lab3.app */;
			productType = "com.apple.product-type.application";
		};
		CD3297F01BB1B06F00C2EF35 /* lab3Tests */ = {
			isa = PBXNativeTarget;
			buildConfigurationList = CD3298081BB1B06F00C2EF35 /* Build configuration list for PBXNativeTarget "lab3Tests" */;
			buildPhases = (
				CD3297ED1BB1B06F00C2EF35 /* Sources */,
				CD3297EE1BB1B06F00C2EF35 /* Frameworks */,
				CD3297EF1BB1B06F00C2EF35 /* Resources */,
			);
			buildRules = (
			);
			dependencies = (
				CD3297F31BB1B06F00C2EF35 /* PBXTargetDependency */,
			);
			name = lab3Tests;
			productName = lab3Tests;
			productReference = CD3297F11BB1B06F00C2EF35 /* lab3Tests.xctest */;
			productType = "com.apple.product-type.bundle.unit-test";
		};
		CD3297FB1BB1B06F00C2EF35 /* lab3UITests */ = {
			isa = PBXNativeTarget;
			buildConfigurationList = CD32980B1BB1B06F00C2EF35 /* Build configuration list for PBXNativeTarget "lab3UITests" */;
			buildPhases = (
				CD3297F81BB1B06F00C2EF35 /* Sources */,
				CD3297F91BB1B06F00C2EF35 /* Frameworks */,
				CD3297FA1BB1B06F00C2EF35 /* Resources */,
			);
			buildRules = (
			);
			dependencies = (
				CD3297FE1BB1B06F00C2EF35 /* PBXTargetDependency */,
			);
			name = lab3UITests;
			productName = lab3UITests;
			productReference = CD3297FC1BB1B06F00C2EF35 /* lab3UITests.xctest */;
			productType = "com.apple.product-type.bundle.ui-testing";
		};
/* End PBXNativeTarget section */

/* Begin PBXProject section */
		CD3297D51BB1B06F00C2EF35 /* Project object */ = {
			isa = PBXProject;
			attributes = {
				LastUpgradeCheck = 0700;
				ORGANIZATIONNAME = "Dawson Botsford";
				TargetAttributes = {
					CD3297DC1BB1B06F00C2EF35 = {
						CreatedOnToolsVersion = 7.0;
					};
					CD3297F01BB1B06F00C2EF35 = {
						CreatedOnToolsVersion = 7.0;
						TestTargetID = CD3297DC1BB1B06F00C2EF35;
					};
					CD3297FB1BB1B06F00C2EF35 = {
						CreatedOnToolsVersion = 7.0;
						TestTargetID = CD3297DC1BB1B06F00C2EF35;
					};
				};
			};
			buildConfigurationList = CD3297D81BB1B06F00C2EF35 /* Build configuration list for PBXProject "lab3" */;
			compatibilityVersion = "Xcode 3.2";
			developmentRegion = English;
			hasScannedForEncodings = 0;
			knownRegions = (
				en,
				Base,
			);
			mainGroup = CD3297D41BB1B06F00C2EF35;
			productRefGroup = CD3297DE1BB1B06F00C2EF35 /* Products */;
			projectDirPath = "";
			projectRoot = "";
			targets = (
				CD3297DC1BB1B06F00C2EF35 /* lab3 */,
				CD3297F01BB1B06F00C2EF35 /* lab3Tests */,
				CD3297FB1BB1B06F00C2EF35 /* lab3UITests */,
			);
		};
/* End PBXProject section */

/* Begin PBXResourcesBuildPhase section */
		CD3297DB1BB1B06F00C2EF35 /* Resources */ = {
			isa = PBXResourcesBuildPhase;
			buildActionMask = 2147483647;
			files = (
				CD3297EB1BB1B06F00C2EF35 /* LaunchScreen.storyboard in Resources */,
				CD3297E81BB1B06F00C2EF35 /* Assets.xcassets in Resources */,
				CD3297E61BB1B06F00C2EF35 /* Main.storyboard in Resources */,
			);
			runOnlyForDeploymentPostprocessing = 0;
		};
		CD3297EF1BB1B06F00C2EF35 /* Resources */ = {
			isa = PBXResourcesBuildPhase;
			buildActionMask = 2147483647;
			files = (
			);
			runOnlyForDeploymentPostprocessing = 0;
		};
		CD3297FA1BB1B06F00C2EF35 /* Resources */ = {
			isa = PBXResourcesBuildPhase;
			buildActionMask = 2147483647;
			files = (
			);
			runOnlyForDeploymentPostprocessing = 0;
		};
/* End PBXResourcesBuildPhase section */

/* Begin PBXSourcesBuildPhase section */
		CD3297D91BB1B06F00C2EF35 /* Sources */ = {
			isa = PBXSourcesBuildPhase;
			buildActionMask = 2147483647;
			files = (
				CD3297E31BB1B06F00C2EF35 /* ViewController.swift in Sources */,
				CD3297E11BB1B06F00C2EF35 /* AppDelegate.swift in Sources */,
			);
			runOnlyForDeploymentPostprocessing = 0;
		};
		CD3297ED1BB1B06F00C2EF35 /* Sources */ = {
			isa = PBXSourcesBuildPhase;
			buildActionMask = 2147483647;
			files = (
				CD3297F61BB1B06F00C2EF35 /* lab3Tests.swift in Sources */,
			);
			runOnlyForDeploymentPostprocessing = 0;
		};
		CD3297F81BB1B06F00C2EF35 /* Sources */ = {
			isa = PBXSourcesBuildPhase;
			buildActionMask = 2147483647;
			files = (
				CD3298011BB1B06F00C2EF35 /* lab3UITests.swift in Sources */,
			);
			runOnlyForDeploymentPostprocessing = 0;
		};
/* End PBXSourcesBuildPhase section */

/* Begin PBXTargetDependency section */
		CD3297F31BB1B06F00C2EF35 /* PBXTargetDependency */ = {
			isa = PBXTargetDependency;
			target = CD3297DC1BB1B06F00C2EF35 /* lab3 */;
			targetProxy = CD3297F21BB1B06F00C2EF35 /* PBXContainerItemProxy */;
		};
		CD3297FE1BB1B06F00C2EF35 /* PBXTargetDependency */ = {
			isa = PBXTargetDependency;
			target = CD3297DC1BB1B06F00C2EF35 /* lab3 */;
			targetProxy = CD3297FD1BB1B06F00C2EF35 /* PBXContainerItemProxy */;
		};
/* End PBXTargetDependency section */

/* Begin PBXVariantGroup section */
		CD3297E41BB1B06F00C2EF35 /* Main.storyboard */ = {
			isa = PBXVariantGroup;
			children = (
				CD3297E51BB1B06F00C2EF35 /* Base */,
			);
			name = Main.storyboard;
			sourceTree = "<group>";
		};
		CD3297E91BB1B06F00C2EF35 /* LaunchScreen.storyboard */ = {
			isa = PBXVariantGroup;
			children = (
				CD3297EA1BB1B06F00C2EF35 /* Base */,
			);
			name = LaunchScreen.storyboard;
			sourceTree = "<group>";
		};
/* End PBXVariantGroup section */

/* Begin XCBuildConfiguration section */
		CD3298031BB1B06F00C2EF35 /* Debug */ = {
			isa = XCBuildConfiguration;
			buildSettings = {
				ALWAYS_SEARCH_USER_PATHS = NO;
				CLANG_CXX_LANGUAGE_STANDARD = "gnu++0x";
				CLANG_CXX_LIBRARY = "libc++";
				CLANG_ENABLE_MODULES = YES;
				CLANG_ENABLE_OBJC_ARC = YES;
				CLANG_WARN_BOOL_CONVERSION = YES;
				CLANG_WARN_CONSTANT_CONVERSION = YES;
				CLANG_WARN_DIRECT_OBJC_ISA_USAGE = YES_ERROR;
				CLANG_WARN_EMPTY_BODY = YES;
				CLANG_WARN_ENUM_CONVERSION = YES;
				CLANG_WARN_INT_CONVERSION = YES;
				CLANG_WARN_OBJC_ROOT_CLASS = YES_ERROR;
				CLANG_WARN_UNREACHABLE_CODE = YES;
				CLANG_WARN__DUPLICATE_METHOD_MATCH = YES;
				"CODE_SIGN_IDENTITY[sdk=iphoneos*]" = "iPhone Developer";
				COPY_PHASE_STRIP = NO;
				DEBUG_INFORMATION_FORMAT = dwarf;
				ENABLE_STRICT_OBJC_MSGSEND = YES;
				ENABLE_TESTABILITY = YES;
				GCC_C_LANGUAGE_STANDARD = gnu99;
				GCC_DYNAMIC_NO_PIC = NO;
				GCC_NO_COMMON_BLOCKS = YES;
				GCC_OPTIMIZATION_LEVEL = 0;
				GCC_PREPROCESSOR_DEFINITIONS = (
					"DEBUG=1",
					"$(inherited)",
				);
				GCC_WARN_64_TO_32_BIT_CONVERSION = YES;
				GCC_WARN_ABOUT_RETURN_TYPE = YES_ERROR;
				GCC_WARN_UNDECLARED_SELECTOR = YES;
				GCC_WARN_UNINITIALIZED_AUTOS = YES_AGGRESSIVE;
				GCC_WARN_UNUSED_FUNCTION = YES;
				GCC_WARN_UNUSED_VARIABLE = YES;
				IPHONEOS_DEPLOYMENT_TARGET = 9.0;
				MTL_ENABLE_DEBUG_INFO = YES;
				ONLY_ACTIVE_ARCH = YES;
				SDKROOT = iphoneos;
				SWIFT_OPTIMIZATION_LEVEL = "-Onone";
			};
			name = Debug;
		};
		CD3298041BB1B06F00C2EF35 /* Release */ = {
			isa = XCBuildConfiguration;
			buildSettings = {
				ALWAYS_SEARCH_USER_PATHS = NO;
				CLANG_CXX_LANGUAGE_STANDARD = "gnu++0x";
				CLANG_CXX_LIBRARY = "libc++";
				CLANG_ENABLE_MODULES = YES;
				CLANG_ENABLE_OBJC_ARC = YES;
				CLANG_WARN_BOOL_CONVERSION = YES;
				CLANG_WARN_CONSTANT_CONVERSION = YES;
				CLANG_WARN_DIRECT_OBJC_ISA_USAGE = YES_ERROR;
				CLANG_WARN_EMPTY_BODY = YES;
				CLANG_WARN_ENUM_CONVERSION = YES;
				CLANG_WARN_INT_CONVERSION = YES;
				CLANG_WARN_OBJC_ROOT_CLASS = YES_ERROR;
				CLANG_WARN_UNREACHABLE_CODE = YES;
				CLANG_WARN__DUPLICATE_METHOD_MATCH = YES;
				"CODE_SIGN_IDENTITY[sdk=iphoneos*]" = "iPhone Developer";
				COPY_PHASE_STRIP = NO;
				DEBUG_INFORMATION_FORMAT = "dwarf-with-dsym";
				ENABLE_NS_ASSERTIONS = NO;
				ENABLE_STRICT_OBJC_MSGSEND = YES;
				GCC_C_LANGUAGE_STANDARD = gnu99;
				GCC_NO_COMMON_BLOCKS = YES;
				GCC_WARN_64_TO_32_BIT_CONVERSION = YES;
				GCC_WARN_ABOUT_RETURN_TYPE = YES_ERROR;
				GCC_WARN_UNDECLARED_SELECTOR = YES;
				GCC_WARN_UNINITIALIZED_AUTOS = YES_AGGRESSIVE;
				GCC_WARN_UNUSED_FUNCTION = YES;
				GCC_WARN_UNUSED_VARIABLE = YES;
				IPHONEOS_DEPLOYMENT_TARGET = 9.0;
				MTL_ENABLE_DEBUG_INFO = NO;
				SDKROOT = iphoneos;
				VALIDATE_PRODUCT = YES;
			};
			name = Release;
		};
		CD3298061BB1B06F00C2EF35 /* Debug */ = {
			isa = XCBuildConfiguration;
			buildSettings = {
				ASSETCATALOG_COMPILER_APPICON_NAME = AppIcon;
				INFOPLIST_FILE = lab3/Info.plist;
				LD_RUNPATH_SEARCH_PATHS = "$(inherited) @executable_path/Frameworks";
				PRODUCT_BUNDLE_IDENTIFIER = com.DawsonBotsford.lab3;
				PRODUCT_NAME = "$(TARGET_NAME)";
			};
			name = Debug;
		};
		CD3298071BB1B06F00C2EF35 /* Release */ = {
			isa = XCBuildConfiguration;
			buildSettings = {
				ASSETCATALOG_COMPILER_APPICON_NAME = AppIcon;
				INFOPLIST_FILE = lab3/Info.plist;
				LD_RUNPATH_SEARCH_PATHS = "$(inherited) @executable_path/Frameworks";
				PRODUCT_BUNDLE_IDENTIFIER = com.DawsonBotsford.lab3;
				PRODUCT_NAME = "$(TARGET_NAME)";
			};
			name = Release;
		};
		CD3298091BB1B06F00C2EF35 /* Debug */ = {
			isa = XCBuildConfiguration;
			buildSettings = {
				BUNDLE_LOADER = "$(TEST_HOST)";
				INFOPLIST_FILE = lab3Tests/Info.plist;
				LD_RUNPATH_SEARCH_PATHS = "$(inherited) @executable_path/Frameworks @loader_path/Frameworks";
				PRODUCT_BUNDLE_IDENTIFIER = com.DawsonBotsford.lab3Tests;
				PRODUCT_NAME = "$(TARGET_NAME)";
				TEST_HOST = "$(BUILT_PRODUCTS_DIR)/lab3.app/lab3";
			};
			name = Debug;
		};
		CD32980A1BB1B06F00C2EF35 /* Release */ = {
			isa = XCBuildConfiguration;
			buildSettings = {
				BUNDLE_LOADER = "$(TEST_HOST)";
				INFOPLIST_FILE = lab3Tests/Info.plist;
				LD_RUNPATH_SEARCH_PATHS = "$(inherited) @executable_path/Frameworks @loader_path/Frameworks";
				PRODUCT_BUNDLE_IDENTIFIER = com.DawsonBotsford.lab3Tests;
				PRODUCT_NAME = "$(TARGET_NAME)";
				TEST_HOST = "$(BUILT_PRODUCTS_DIR)/lab3.app/lab3";
			};
			name = Release;
		};
		CD32980C1BB1B06F00C2EF35 /* Debug */ = {
			isa = XCBuildConfiguration;
			buildSettings = {
				INFOPLIST_FILE = lab3UITests/Info.plist;
				LD_RUNPATH_SEARCH_PATHS = "$(inherited) @executable_path/Frameworks @loader_path/Frameworks";
				PRODUCT_BUNDLE_IDENTIFIER = com.DawsonBotsford.lab3UITests;
				PRODUCT_NAME = "$(TARGET_NAME)";
				TEST_TARGET_NAME = lab3;
				USES_XCTRUNNER = YES;
			};
			name = Debug;
		};
		CD32980D1BB1B06F00C2EF35 /* Release */ = {
			isa = XCBuildConfiguration;
			buildSettings = {
				INFOPLIST_FILE = lab3UITests/Info.plist;
				LD_RUNPATH_SEARCH_PATHS = "$(inherited) @executable_path/Frameworks @loader_path/Frameworks";
				PRODUCT_BUNDLE_IDENTIFIER = com.DawsonBotsford.lab3UITests;
				PRODUCT_NAME = "$(TARGET_NAME)";
				TEST_TARGET_NAME = lab3;
				USES_XCTRUNNER = YES;
			};
			name = Release;
		};
/* End XCBuildConfiguration section */

/* Begin XCConfigurationList section */
		CD3297D81BB1B06F00C2EF35 /* Build configuration list for PBXProject "lab3" */ = {
			isa = XCConfigurationList;
			buildConfigurations = (
				CD3298031BB1B06F00C2EF35 /* Debug */,
				CD3298041BB1B06F00C2EF35 /* Release */,
			);
			defaultConfigurationIsVisible = 0;
			defaultConfigurationName = Release;
		};
		CD3298051BB1B06F00C2EF35 /* Build configuration list for PBXNativeTarget "lab3" */ = {
			isa = XCConfigurationList;
			buildConfigurations = (
				CD3298061BB1B06F00C2EF35 /* Debug */,
				CD3298071BB1B06F00C2EF35 /* Release */,
			);
			defaultConfigurationIsVisible = 0;
		};
		CD3298081BB1B06F00C2EF35 /* Build configuration list for PBXNativeTarget "lab3Tests" */ = {
			isa = XCConfigurationList;
			buildConfigurations = (
				CD3298091BB1B06F00C2EF35 /* Debug */,
				CD32980A1BB1B06F00C2EF35 /* Release */,
			);
			defaultConfigurationIsVisible = 0;
		};
		CD32980B1BB1B06F00C2EF35 /* Build configuration list for PBXNativeTarget "lab3UITests" */ = {
			isa = XCConfigurationList;
			buildConfigurations = (
				CD32980C1BB1B06F00C2EF35 /* Debug */,
				CD32980D1BB1B06F00C2EF35 /* Release */,
			);
			defaultConfigurationIsVisible = 0;
		};
/* End XCConfigurationList section */
	};
	rootObject = CD3297D51BB1B06F00C2EF35 /* Project object */;
}
