// !$*UTF8*$!
{
	archiveVersion = 1;
	classes = {
	};
	objectVersion = 46;
	objects = {

/* Begin PBXBuildFile section */
		CD6950B51B8F64A200D44EEC /* AppDelegate.swift in Sources */ = {isa = PBXBuildFile; fileRef = CD6950B41B8F64A200D44EEC /* AppDelegate.swift */; };
		CD6950B71B8F64A200D44EEC /* ViewController.swift in Sources */ = {isa = PBXBuildFile; fileRef = CD6950B61B8F64A200D44EEC /* ViewController.swift */; };
		CD6950BA1B8F64A200D44EEC /* Main.storyboard in Resources */ = {isa = PBXBuildFile; fileRef = CD6950B81B8F64A200D44EEC /* Main.storyboard */; };
		CD6950BC1B8F64A200D44EEC /* Images.xcassets in Resources */ = {isa = PBXBuildFile; fileRef = CD6950BB1B8F64A200D44EEC /* Images.xcassets */; };
		CD6950BF1B8F64A200D44EEC /* LaunchScreen.xib in Resources */ = {isa = PBXBuildFile; fileRef = CD6950BD1B8F64A200D44EEC /* LaunchScreen.xib */; };
		CD6950CB1B8F64A200D44EEC /* helloWorldTests.swift in Sources */ = {isa = PBXBuildFile; fileRef = CD6950CA1B8F64A200D44EEC /* helloWorldTests.swift */; };
/* End PBXBuildFile section */

/* Begin PBXContainerItemProxy section */
		CD6950C51B8F64A200D44EEC /* PBXContainerItemProxy */ = {
			isa = PBXContainerItemProxy;
			containerPortal = CD6950A71B8F64A100D44EEC /* Project object */;
			proxyType = 1;
			remoteGlobalIDString = CD6950AE1B8F64A200D44EEC;
			remoteInfo = helloWorld;
		};
/* End PBXContainerItemProxy section */

/* Begin PBXFileReference section */
		CD6950AF1B8F64A200D44EEC /* helloWorld.app */ = {isa = PBXFileReference; explicitFileType = wrapper.application; includeInIndex = 0; path = helloWorld.app; sourceTree = BUILT_PRODUCTS_DIR; };
		CD6950B31B8F64A200D44EEC /* Info.plist */ = {isa = PBXFileReference; lastKnownFileType = text.plist.xml; path = Info.plist; sourceTree = "<group>"; };
		CD6950B41B8F64A200D44EEC /* AppDelegate.swift */ = {isa = PBXFileReference; lastKnownFileType = sourcecode.swift; path = AppDelegate.swift; sourceTree = "<group>"; };
		CD6950B61B8F64A200D44EEC /* ViewController.swift */ = {isa = PBXFileReference; lastKnownFileType = sourcecode.swift; path = ViewController.swift; sourceTree = "<group>"; };
		CD6950B91B8F64A200D44EEC /* Base */ = {isa = PBXFileReference; lastKnownFileType = file.storyboard; name = Base; path = Base.lproj/Main.storyboard; sourceTree = "<group>"; };
		CD6950BB1B8F64A200D44EEC /* Images.xcassets */ = {isa = PBXFileReference; lastKnownFileType = folder.assetcatalog; path = Images.xcassets; sourceTree = "<group>"; };
		CD6950BE1B8F64A200D44EEC /* Base */ = {isa = PBXFileReference; lastKnownFileType = file.xib; name = Base; path = Base.lproj/LaunchScreen.xib; sourceTree = "<group>"; };
		CD6950C41B8F64A200D44EEC /* helloWorldTests.xctest */ = {isa = PBXFileReference; explicitFileType = wrapper.cfbundle; includeInIndex = 0; path = helloWorldTests.xctest; sourceTree = BUILT_PRODUCTS_DIR; };
		CD6950C91B8F64A200D44EEC /* Info.plist */ = {isa = PBXFileReference; lastKnownFileType = text.plist.xml; path = Info.plist; sourceTree = "<group>"; };
		CD6950CA1B8F64A200D44EEC /* helloWorldTests.swift */ = {isa = PBXFileReference; lastKnownFileType = sourcecode.swift; path = helloWorldTests.swift; sourceTree = "<group>"; };
/* End PBXFileReference section */

/* Begin PBXFrameworksBuildPhase section */
		CD6950AC1B8F64A200D44EEC /* Frameworks */ = {
			isa = PBXFrameworksBuildPhase;
			buildActionMask = 2147483647;
			files = (
			);
			runOnlyForDeploymentPostprocessing = 0;
		};
		CD6950C11B8F64A200D44EEC /* Frameworks */ = {
			isa = PBXFrameworksBuildPhase;
			buildActionMask = 2147483647;
			files = (
			);
			runOnlyForDeploymentPostprocessing = 0;
		};
/* End PBXFrameworksBuildPhase section */

/* Begin PBXGroup section */
		CD6950A61B8F64A100D44EEC = {
			isa = PBXGroup;
			children = (
				CD6950B11B8F64A200D44EEC /* helloWorld */,
				CD6950C71B8F64A200D44EEC /* helloWorldTests */,
				CD6950B01B8F64A200D44EEC /* Products */,
			);
			sourceTree = "<group>";
		};
		CD6950B01B8F64A200D44EEC /* Products */ = {
			isa = PBXGroup;
			children = (
				CD6950AF1B8F64A200D44EEC /* helloWorld.app */,
				CD6950C41B8F64A200D44EEC /* helloWorldTests.xctest */,
			);
			name = Products;
			sourceTree = "<group>";
		};
		CD6950B11B8F64A200D44EEC /* helloWorld */ = {
			isa = PBXGroup;
			children = (
				CD6950B41B8F64A200D44EEC /* AppDelegate.swift */,
				CD6950B61B8F64A200D44EEC /* ViewController.swift */,
				CD6950B81B8F64A200D44EEC /* Main.storyboard */,
				CD6950BB1B8F64A200D44EEC /* Images.xcassets */,
				CD6950BD1B8F64A200D44EEC /* LaunchScreen.xib */,
				CD6950B21B8F64A200D44EEC /* Supporting Files */,
			);
			path = helloWorld;
			sourceTree = "<group>";
		};
		CD6950B21B8F64A200D44EEC /* Supporting Files */ = {
			isa = PBXGroup;
			children = (
				CD6950B31B8F64A200D44EEC /* Info.plist */,
			);
			name = "Supporting Files";
			sourceTree = "<group>";
		};
		CD6950C71B8F64A200D44EEC /* helloWorldTests */ = {
			isa = PBXGroup;
			children = (
				CD6950CA1B8F64A200D44EEC /* helloWorldTests.swift */,
				CD6950C81B8F64A200D44EEC /* Supporting Files */,
			);
			path = helloWorldTests;
			sourceTree = "<group>";
		};
		CD6950C81B8F64A200D44EEC /* Supporting Files */ = {
			isa = PBXGroup;
			children = (
				CD6950C91B8F64A200D44EEC /* Info.plist */,
			);
			name = "Supporting Files";
			sourceTree = "<group>";
		};
/* End PBXGroup section */

/* Begin PBXNativeTarget section */
		CD6950AE1B8F64A200D44EEC /* helloWorld */ = {
			isa = PBXNativeTarget;
			buildConfigurationList = CD6950CE1B8F64A200D44EEC /* Build configuration list for PBXNativeTarget "helloWorld" */;
			buildPhases = (
				CD6950AB1B8F64A200D44EEC /* Sources */,
				CD6950AC1B8F64A200D44EEC /* Frameworks */,
				CD6950AD1B8F64A200D44EEC /* Resources */,
			);
			buildRules = (
			);
			dependencies = (
			);
			name = helloWorld;
			productName = helloWorld;
			productReference = CD6950AF1B8F64A200D44EEC /* helloWorld.app */;
			productType = "com.apple.product-type.application";
		};
		CD6950C31B8F64A200D44EEC /* helloWorldTests */ = {
			isa = PBXNativeTarget;
			buildConfigurationList = CD6950D11B8F64A200D44EEC /* Build configuration list for PBXNativeTarget "helloWorldTests" */;
			buildPhases = (
				CD6950C01B8F64A200D44EEC /* Sources */,
				CD6950C11B8F64A200D44EEC /* Frameworks */,
				CD6950C21B8F64A200D44EEC /* Resources */,
			);
			buildRules = (
			);
			dependencies = (
				CD6950C61B8F64A200D44EEC /* PBXTargetDependency */,
			);
			name = helloWorldTests;
			productName = helloWorldTests;
			productReference = CD6950C41B8F64A200D44EEC /* helloWorldTests.xctest */;
			productType = "com.apple.product-type.bundle.unit-test";
		};
/* End PBXNativeTarget section */

/* Begin PBXProject section */
		CD6950A71B8F64A100D44EEC /* Project object */ = {
			isa = PBXProject;
			attributes = {
				LastUpgradeCheck = 0640;
				ORGANIZATIONNAME = "Dawson Botsford";
				TargetAttributes = {
					CD6950AE1B8F64A200D44EEC = {
						CreatedOnToolsVersion = 6.4;
					};
					CD6950C31B8F64A200D44EEC = {
						CreatedOnToolsVersion = 6.4;
						TestTargetID = CD6950AE1B8F64A200D44EEC;
					};
				};
			};
			buildConfigurationList = CD6950AA1B8F64A200D44EEC /* Build configuration list for PBXProject "helloWorld" */;
			compatibilityVersion = "Xcode 3.2";
			developmentRegion = English;
			hasScannedForEncodings = 0;
			knownRegions = (
				en,
				Base,
			);
			mainGroup = CD6950A61B8F64A100D44EEC;
			productRefGroup = CD6950B01B8F64A200D44EEC /* Products */;
			projectDirPath = "";
			projectRoot = "";
			targets = (
				CD6950AE1B8F64A200D44EEC /* helloWorld */,
				CD6950C31B8F64A200D44EEC /* helloWorldTests */,
			);
		};
/* End PBXProject section */

/* Begin PBXResourcesBuildPhase section */
		CD6950AD1B8F64A200D44EEC /* Resources */ = {
			isa = PBXResourcesBuildPhase;
			buildActionMask = 2147483647;
			files = (
				CD6950BA1B8F64A200D44EEC /* Main.storyboard in Resources */,
				CD6950BF1B8F64A200D44EEC /* LaunchScreen.xib in Resources */,
				CD6950BC1B8F64A200D44EEC /* Images.xcassets in Resources */,
			);
			runOnlyForDeploymentPostprocessing = 0;
		};
		CD6950C21B8F64A200D44EEC /* Resources */ = {
			isa = PBXResourcesBuildPhase;
			buildActionMask = 2147483647;
			files = (
			);
			runOnlyForDeploymentPostprocessing = 0;
		};
/* End PBXResourcesBuildPhase section */

/* Begin PBXSourcesBuildPhase section */
		CD6950AB1B8F64A200D44EEC /* Sources */ = {
			isa = PBXSourcesBuildPhase;
			buildActionMask = 2147483647;
			files = (
				CD6950B71B8F64A200D44EEC /* ViewController.swift in Sources */,
				CD6950B51B8F64A200D44EEC /* AppDelegate.swift in Sources */,
			);
			runOnlyForDeploymentPostprocessing = 0;
		};
		CD6950C01B8F64A200D44EEC /* Sources */ = {
			isa = PBXSourcesBuildPhase;
			buildActionMask = 2147483647;
			files = (
				CD6950CB1B8F64A200D44EEC /* helloWorldTests.swift in Sources */,
			);
			runOnlyForDeploymentPostprocessing = 0;
		};
/* End PBXSourcesBuildPhase section */

/* Begin PBXTargetDependency section */
		CD6950C61B8F64A200D44EEC /* PBXTargetDependency */ = {
			isa = PBXTargetDependency;
			target = CD6950AE1B8F64A200D44EEC /* helloWorld */;
			targetProxy = CD6950C51B8F64A200D44EEC /* PBXContainerItemProxy */;
		};
/* End PBXTargetDependency section */

/* Begin PBXVariantGroup section */
		CD6950B81B8F64A200D44EEC /* Main.storyboard */ = {
			isa = PBXVariantGroup;
			children = (
				CD6950B91B8F64A200D44EEC /* Base */,
			);
			name = Main.storyboard;
			sourceTree = "<group>";
		};
		CD6950BD1B8F64A200D44EEC /* LaunchScreen.xib */ = {
			isa = PBXVariantGroup;
			children = (
				CD6950BE1B8F64A200D44EEC /* Base */,
			);
			name = LaunchScreen.xib;
			sourceTree = "<group>";
		};
/* End PBXVariantGroup section */

/* Begin XCBuildConfiguration section */
		CD6950CC1B8F64A200D44EEC /* Debug */ = {
			isa = XCBuildConfiguration;
			buildSettings = {
				ALWAYS_SEARCH_USER_PATHS = NO;
				CLANG_CXX_LANGUAGE_STANDARD = "gnu++0x";
				CLANG_CXX_LIBRARY = "libc++";
				CLANG_ENABLE_MODULES = YES;
				CLANG_ENABLE_OBJC_ARC = YES;
				CLANG_WARN_BOOL_CONVERSION = YES;
				CLANG_WARN_CONSTANT_CONVERSION = YES;
				CLANG_WARN_DIRECT_OBJC_ISA_USAGE = YES_ERROR;
				CLANG_WARN_EMPTY_BODY = YES;
				CLANG_WARN_ENUM_CONVERSION = YES;
				CLANG_WARN_INT_CONVERSION = YES;
				CLANG_WARN_OBJC_ROOT_CLASS = YES_ERROR;
				CLANG_WARN_UNREACHABLE_CODE = YES;
				CLANG_WARN__DUPLICATE_METHOD_MATCH = YES;
				"CODE_SIGN_IDENTITY[sdk=iphoneos*]" = "iPhone Developer";
				COPY_PHASE_STRIP = NO;
				DEBUG_INFORMATION_FORMAT = "dwarf-with-dsym";
				ENABLE_STRICT_OBJC_MSGSEND = YES;
				GCC_C_LANGUAGE_STANDARD = gnu99;
				GCC_DYNAMIC_NO_PIC = NO;
				GCC_NO_COMMON_BLOCKS = YES;
				GCC_OPTIMIZATION_LEVEL = 0;
				GCC_PREPROCESSOR_DEFINITIONS = (
					"DEBUG=1",
					"$(inherited)",
				);
				GCC_SYMBOLS_PRIVATE_EXTERN = NO;
				GCC_WARN_64_TO_32_BIT_CONVERSION = YES;
				GCC_WARN_ABOUT_RETURN_TYPE = YES_ERROR;
				GCC_WARN_UNDECLARED_SELECTOR = YES;
				GCC_WARN_UNINITIALIZED_AUTOS = YES_AGGRESSIVE;
				GCC_WARN_UNUSED_FUNCTION = YES;
				GCC_WARN_UNUSED_VARIABLE = YES;
				IPHONEOS_DEPLOYMENT_TARGET = 8.4;
				MTL_ENABLE_DEBUG_INFO = YES;
				ONLY_ACTIVE_ARCH = YES;
				SDKROOT = iphoneos;
				SWIFT_OPTIMIZATION_LEVEL = "-Onone";
			};
			name = Debug;
		};
		CD6950CD1B8F64A200D44EEC /* Release */ = {
			isa = XCBuildConfiguration;
			buildSettings = {
				ALWAYS_SEARCH_USER_PATHS = NO;
				CLANG_CXX_LANGUAGE_STANDARD = "gnu++0x";
				CLANG_CXX_LIBRARY = "libc++";
				CLANG_ENABLE_MODULES = YES;
				CLANG_ENABLE_OBJC_ARC = YES;
				CLANG_WARN_BOOL_CONVERSION = YES;
				CLANG_WARN_CONSTANT_CONVERSION = YES;
				CLANG_WARN_DIRECT_OBJC_ISA_USAGE = YES_ERROR;
				CLANG_WARN_EMPTY_BODY = YES;
				CLANG_WARN_ENUM_CONVERSION = YES;
				CLANG_WARN_INT_CONVERSION = YES;
				CLANG_WARN_OBJC_ROOT_CLASS = YES_ERROR;
				CLANG_WARN_UNREACHABLE_CODE = YES;
				CLANG_WARN__DUPLICATE_METHOD_MATCH = YES;
				"CODE_SIGN_IDENTITY[sdk=iphoneos*]" = "iPhone Developer";
				COPY_PHASE_STRIP = NO;
				DEBUG_INFORMATION_FORMAT = "dwarf-with-dsym";
				ENABLE_NS_ASSERTIONS = NO;
				ENABLE_STRICT_OBJC_MSGSEND = YES;
				GCC_C_LANGUAGE_STANDARD = gnu99;
				GCC_NO_COMMON_BLOCKS = YES;
				GCC_WARN_64_TO_32_BIT_CONVERSION = YES;
				GCC_WARN_ABOUT_RETURN_TYPE = YES_ERROR;
				GCC_WARN_UNDECLARED_SELECTOR = YES;
				GCC_WARN_UNINITIALIZED_AUTOS = YES_AGGRESSIVE;
				GCC_WARN_UNUSED_FUNCTION = YES;
				GCC_WARN_UNUSED_VARIABLE = YES;
				IPHONEOS_DEPLOYMENT_TARGET = 8.4;
				MTL_ENABLE_DEBUG_INFO = NO;
				SDKROOT = iphoneos;
				VALIDATE_PRODUCT = YES;
			};
			name = Release;
		};
		CD6950CF1B8F64A200D44EEC /* Debug */ = {
			isa = XCBuildConfiguration;
			buildSettings = {
				ASSETCATALOG_COMPILER_APPICON_NAME = AppIcon;
				INFOPLIST_FILE = helloWorld/Info.plist;
				LD_RUNPATH_SEARCH_PATHS = "$(inherited) @executable_path/Frameworks";
				PRODUCT_NAME = "$(TARGET_NAME)";
			};
			name = Debug;
		};
		CD6950D01B8F64A200D44EEC /* Release */ = {
			isa = XCBuildConfiguration;
			buildSettings = {
				ASSETCATALOG_COMPILER_APPICON_NAME = AppIcon;
				INFOPLIST_FILE = helloWorld/Info.plist;
				LD_RUNPATH_SEARCH_PATHS = "$(inherited) @executable_path/Frameworks";
				PRODUCT_NAME = "$(TARGET_NAME)";
			};
			name = Release;
		};
		CD6950D21B8F64A200D44EEC /* Debug */ = {
			isa = XCBuildConfiguration;
			buildSettings = {
				BUNDLE_LOADER = "$(TEST_HOST)";
				FRAMEWORK_SEARCH_PATHS = (
					"$(SDKROOT)/Developer/Library/Frameworks",
					"$(inherited)",
				);
				GCC_PREPROCESSOR_DEFINITIONS = (
					"DEBUG=1",
					"$(inherited)",
				);
				INFOPLIST_FILE = helloWorldTests/Info.plist;
				LD_RUNPATH_SEARCH_PATHS = "$(inherited) @executable_path/Frameworks @loader_path/Frameworks";
				PRODUCT_NAME = "$(TARGET_NAME)";
				TEST_HOST = "$(BUILT_PRODUCTS_DIR)/helloWorld.app/helloWorld";
			};
			name = Debug;
		};
		CD6950D31B8F64A200D44EEC /* Release */ = {
			isa = XCBuildConfiguration;
			buildSettings = {
				BUNDLE_LOADER = "$(TEST_HOST)";
				FRAMEWORK_SEARCH_PATHS = (
					"$(SDKROOT)/Developer/Library/Frameworks",
					"$(inherited)",
				);
				INFOPLIST_FILE = helloWorldTests/Info.plist;
				LD_RUNPATH_SEARCH_PATHS = "$(inherited) @executable_path/Frameworks @loader_path/Frameworks";
				PRODUCT_NAME = "$(TARGET_NAME)";
				TEST_HOST = "$(BUILT_PRODUCTS_DIR)/helloWorld.app/helloWorld";
			};
			name = Release;
		};
/* End XCBuildConfiguration section */

/* Begin XCConfigurationList section */
		CD6950AA1B8F64A200D44EEC /* Build configuration list for PBXProject "helloWorld" */ = {
			isa = XCConfigurationList;
			buildConfigurations = (
				CD6950CC1B8F64A200D44EEC /* Debug */,
				CD6950CD1B8F64A200D44EEC /* Release */,
			);
			defaultConfigurationIsVisible = 0;
			defaultConfigurationName = Release;
		};
		CD6950CE1B8F64A200D44EEC /* Build configuration list for PBXNativeTarget "helloWorld" */ = {
			isa = XCConfigurationList;
			buildConfigurations = (
				CD6950CF1B8F64A200D44EEC /* Debug */,
				CD6950D01B8F64A200D44EEC /* Release */,
			);
			defaultConfigurationIsVisible = 0;
		};
		CD6950D11B8F64A200D44EEC /* Build configuration list for PBXNativeTarget "helloWorldTests" */ = {
			isa = XCConfigurationList;
			buildConfigurations = (
				CD6950D21B8F64A200D44EEC /* Debug */,
				CD6950D31B8F64A200D44EEC /* Release */,
			);
			defaultConfigurationIsVisible = 0;
		};
/* End XCConfigurationList section */
	};
	rootObject = CD6950A71B8F64A100D44EEC /* Project object */;
}
