// !$*UTF8*$!
{
	archiveVersion = 1;
	classes = {
	};
	objectVersion = 46;
	objects = {

/* Begin PBXBuildFile section */
		CD5289FD1BCD5B340042DC4C /* AppDelegate.swift in Sources */ = {isa = PBXBuildFile; fileRef = CD5289FC1BCD5B340042DC4C /* AppDelegate.swift */; };
		CD5289FF1BCD5B340042DC4C /* ViewController.swift in Sources */ = {isa = PBXBuildFile; fileRef = CD5289FE1BCD5B340042DC4C /* ViewController.swift */; };
		CD528A021BCD5B340042DC4C /* Main.storyboard in Resources */ = {isa = PBXBuildFile; fileRef = CD528A001BCD5B340042DC4C /* Main.storyboard */; };
		CD528A041BCD5B340042DC4C /* Assets.xcassets in Resources */ = {isa = PBXBuildFile; fileRef = CD528A031BCD5B340042DC4C /* Assets.xcassets */; };
		CD528A071BCD5B340042DC4C /* LaunchScreen.storyboard in Resources */ = {isa = PBXBuildFile; fileRef = CD528A051BCD5B340042DC4C /* LaunchScreen.storyboard */; };
		CD528A121BCD5B340042DC4C /* gesturesTests.swift in Sources */ = {isa = PBXBuildFile; fileRef = CD528A111BCD5B340042DC4C /* gesturesTests.swift */; };
		CD528A1D1BCD5B340042DC4C /* gesturesUITests.swift in Sources */ = {isa = PBXBuildFile; fileRef = CD528A1C1BCD5B340042DC4C /* gesturesUITests.swift */; };
/* End PBXBuildFile section */

/* Begin PBXContainerItemProxy section */
		CD528A0E1BCD5B340042DC4C /* PBXContainerItemProxy */ = {
			isa = PBXContainerItemProxy;
			containerPortal = CD5289F11BCD5B340042DC4C /* Project object */;
			proxyType = 1;
			remoteGlobalIDString = CD5289F81BCD5B340042DC4C;
			remoteInfo = gestures;
		};
		CD528A191BCD5B340042DC4C /* PBXContainerItemProxy */ = {
			isa = PBXContainerItemProxy;
			containerPortal = CD5289F11BCD5B340042DC4C /* Project object */;
			proxyType = 1;
			remoteGlobalIDString = CD5289F81BCD5B340042DC4C;
			remoteInfo = gestures;
		};
/* End PBXContainerItemProxy section */

/* Begin PBXFileReference section */
		CD5289F91BCD5B340042DC4C /* gestures.app */ = {isa = PBXFileReference; explicitFileType = wrapper.application; includeInIndex = 0; path = gestures.app; sourceTree = BUILT_PRODUCTS_DIR; };
		CD5289FC1BCD5B340042DC4C /* AppDelegate.swift */ = {isa = PBXFileReference; lastKnownFileType = sourcecode.swift; path = AppDelegate.swift; sourceTree = "<group>"; };
		CD5289FE1BCD5B340042DC4C /* ViewController.swift */ = {isa = PBXFileReference; lastKnownFileType = sourcecode.swift; path = ViewController.swift; sourceTree = "<group>"; };
		CD528A011BCD5B340042DC4C /* Base */ = {isa = PBXFileReference; lastKnownFileType = file.storyboard; name = Base; path = Base.lproj/Main.storyboard; sourceTree = "<group>"; };
		CD528A031BCD5B340042DC4C /* Assets.xcassets */ = {isa = PBXFileReference; lastKnownFileType = folder.assetcatalog; path = Assets.xcassets; sourceTree = "<group>"; };
		CD528A061BCD5B340042DC4C /* Base */ = {isa = PBXFileReference; lastKnownFileType = file.storyboard; name = Base; path = Base.lproj/LaunchScreen.storyboard; sourceTree = "<group>"; };
		CD528A081BCD5B340042DC4C /* Info.plist */ = {isa = PBXFileReference; lastKnownFileType = text.plist.xml; path = Info.plist; sourceTree = "<group>"; };
		CD528A0D1BCD5B340042DC4C /* gesturesTests.xctest */ = {isa = PBXFileReference; explicitFileType = wrapper.cfbundle; includeInIndex = 0; path = gesturesTests.xctest; sourceTree = BUILT_PRODUCTS_DIR; };
		CD528A111BCD5B340042DC4C /* gesturesTests.swift */ = {isa = PBXFileReference; lastKnownFileType = sourcecode.swift; path = gesturesTests.swift; sourceTree = "<group>"; };
		CD528A131BCD5B340042DC4C /* Info.plist */ = {isa = PBXFileReference; lastKnownFileType = text.plist.xml; path = Info.plist; sourceTree = "<group>"; };
		CD528A181BCD5B340042DC4C /* gesturesUITests.xctest */ = {isa = PBXFileReference; explicitFileType = wrapper.cfbundle; includeInIndex = 0; path = gesturesUITests.xctest; sourceTree = BUILT_PRODUCTS_DIR; };
		CD528A1C1BCD5B340042DC4C /* gesturesUITests.swift */ = {isa = PBXFileReference; lastKnownFileType = sourcecode.swift; path = gesturesUITests.swift; sourceTree = "<group>"; };
		CD528A1E1BCD5B340042DC4C /* Info.plist */ = {isa = PBXFileReference; lastKnownFileType = text.plist.xml; path = Info.plist; sourceTree = "<group>"; };
/* End PBXFileReference section */

/* Begin PBXFrameworksBuildPhase section */
		CD5289F61BCD5B340042DC4C /* Frameworks */ = {
			isa = PBXFrameworksBuildPhase;
			buildActionMask = 2147483647;
			files = (
			);
			runOnlyForDeploymentPostprocessing = 0;
		};
		CD528A0A1BCD5B340042DC4C /* Frameworks */ = {
			isa = PBXFrameworksBuildPhase;
			buildActionMask = 2147483647;
			files = (
			);
			runOnlyForDeploymentPostprocessing = 0;
		};
		CD528A151BCD5B340042DC4C /* Frameworks */ = {
			isa = PBXFrameworksBuildPhase;
			buildActionMask = 2147483647;
			files = (
			);
			runOnlyForDeploymentPostprocessing = 0;
		};
/* End PBXFrameworksBuildPhase section */

/* Begin PBXGroup section */
		CD5289F01BCD5B340042DC4C = {
			isa = PBXGroup;
			children = (
				CD5289FB1BCD5B340042DC4C /* gestures */,
				CD528A101BCD5B340042DC4C /* gesturesTests */,
				CD528A1B1BCD5B340042DC4C /* gesturesUITests */,
				CD5289FA1BCD5B340042DC4C /* Products */,
			);
			sourceTree = "<group>";
		};
		CD5289FA1BCD5B340042DC4C /* Products */ = {
			isa = PBXGroup;
			children = (
				CD5289F91BCD5B340042DC4C /* gestures.app */,
				CD528A0D1BCD5B340042DC4C /* gesturesTests.xctest */,
				CD528A181BCD5B340042DC4C /* gesturesUITests.xctest */,
			);
			name = Products;
			sourceTree = "<group>";
		};
		CD5289FB1BCD5B340042DC4C /* gestures */ = {
			isa = PBXGroup;
			children = (
				CD5289FC1BCD5B340042DC4C /* AppDelegate.swift */,
				CD5289FE1BCD5B340042DC4C /* ViewController.swift */,
				CD528A001BCD5B340042DC4C /* Main.storyboard */,
				CD528A031BCD5B340042DC4C /* Assets.xcassets */,
				CD528A051BCD5B340042DC4C /* LaunchScreen.storyboard */,
				CD528A081BCD5B340042DC4C /* Info.plist */,
			);
			path = gestures;
			sourceTree = "<group>";
		};
		CD528A101BCD5B340042DC4C /* gesturesTests */ = {
			isa = PBXGroup;
			children = (
				CD528A111BCD5B340042DC4C /* gesturesTests.swift */,
				CD528A131BCD5B340042DC4C /* Info.plist */,
			);
			path = gesturesTests;
			sourceTree = "<group>";
		};
		CD528A1B1BCD5B340042DC4C /* gesturesUITests */ = {
			isa = PBXGroup;
			children = (
				CD528A1C1BCD5B340042DC4C /* gesturesUITests.swift */,
				CD528A1E1BCD5B340042DC4C /* Info.plist */,
			);
			path = gesturesUITests;
			sourceTree = "<group>";
		};
/* End PBXGroup section */

/* Begin PBXNativeTarget section */
		CD5289F81BCD5B340042DC4C /* gestures */ = {
			isa = PBXNativeTarget;
			buildConfigurationList = CD528A211BCD5B340042DC4C /* Build configuration list for PBXNativeTarget "gestures" */;
			buildPhases = (
				CD5289F51BCD5B340042DC4C /* Sources */,
				CD5289F61BCD5B340042DC4C /* Frameworks */,
				CD5289F71BCD5B340042DC4C /* Resources */,
			);
			buildRules = (
			);
			dependencies = (
			);
			name = gestures;
			productName = gestures;
			productReference = CD5289F91BCD5B340042DC4C /* gestures.app */;
			productType = "com.apple.product-type.application";
		};
		CD528A0C1BCD5B340042DC4C /* gesturesTests */ = {
			isa = PBXNativeTarget;
			buildConfigurationList = CD528A241BCD5B340042DC4C /* Build configuration list for PBXNativeTarget "gesturesTests" */;
			buildPhases = (
				CD528A091BCD5B340042DC4C /* Sources */,
				CD528A0A1BCD5B340042DC4C /* Frameworks */,
				CD528A0B1BCD5B340042DC4C /* Resources */,
			);
			buildRules = (
			);
			dependencies = (
				CD528A0F1BCD5B340042DC4C /* PBXTargetDependency */,
			);
			name = gesturesTests;
			productName = gesturesTests;
			productReference = CD528A0D1BCD5B340042DC4C /* gesturesTests.xctest */;
			productType = "com.apple.product-type.bundle.unit-test";
		};
		CD528A171BCD5B340042DC4C /* gesturesUITests */ = {
			isa = PBXNativeTarget;
			buildConfigurationList = CD528A271BCD5B340042DC4C /* Build configuration list for PBXNativeTarget "gesturesUITests" */;
			buildPhases = (
				CD528A141BCD5B340042DC4C /* Sources */,
				CD528A151BCD5B340042DC4C /* Frameworks */,
				CD528A161BCD5B340042DC4C /* Resources */,
			);
			buildRules = (
			);
			dependencies = (
				CD528A1A1BCD5B340042DC4C /* PBXTargetDependency */,
			);
			name = gesturesUITests;
			productName = gesturesUITests;
			productReference = CD528A181BCD5B340042DC4C /* gesturesUITests.xctest */;
			productType = "com.apple.product-type.bundle.ui-testing";
		};
/* End PBXNativeTarget section */

/* Begin PBXProject section */
		CD5289F11BCD5B340042DC4C /* Project object */ = {
			isa = PBXProject;
			attributes = {
				LastUpgradeCheck = 0700;
				ORGANIZATIONNAME = "Dawson Botsford";
				TargetAttributes = {
					CD5289F81BCD5B340042DC4C = {
						CreatedOnToolsVersion = 7.0.1;
					};
					CD528A0C1BCD5B340042DC4C = {
						CreatedOnToolsVersion = 7.0.1;
						TestTargetID = CD5289F81BCD5B340042DC4C;
					};
					CD528A171BCD5B340042DC4C = {
						CreatedOnToolsVersion = 7.0.1;
						TestTargetID = CD5289F81BCD5B340042DC4C;
					};
				};
			};
			buildConfigurationList = CD5289F41BCD5B340042DC4C /* Build configuration list for PBXProject "gestures" */;
			compatibilityVersion = "Xcode 3.2";
			developmentRegion = English;
			hasScannedForEncodings = 0;
			knownRegions = (
				en,
				Base,
			);
			mainGroup = CD5289F01BCD5B340042DC4C;
			productRefGroup = CD5289FA1BCD5B340042DC4C /* Products */;
			projectDirPath = "";
			projectRoot = "";
			targets = (
				CD5289F81BCD5B340042DC4C /* gestures */,
				CD528A0C1BCD5B340042DC4C /* gesturesTests */,
				CD528A171BCD5B340042DC4C /* gesturesUITests */,
			);
		};
/* End PBXProject section */

/* Begin PBXResourcesBuildPhase section */
		CD5289F71BCD5B340042DC4C /* Resources */ = {
			isa = PBXResourcesBuildPhase;
			buildActionMask = 2147483647;
			files = (
				CD528A071BCD5B340042DC4C /* LaunchScreen.storyboard in Resources */,
				CD528A041BCD5B340042DC4C /* Assets.xcassets in Resources */,
				CD528A021BCD5B340042DC4C /* Main.storyboard in Resources */,
			);
			runOnlyForDeploymentPostprocessing = 0;
		};
		CD528A0B1BCD5B340042DC4C /* Resources */ = {
			isa = PBXResourcesBuildPhase;
			buildActionMask = 2147483647;
			files = (
			);
			runOnlyForDeploymentPostprocessing = 0;
		};
		CD528A161BCD5B340042DC4C /* Resources */ = {
			isa = PBXResourcesBuildPhase;
			buildActionMask = 2147483647;
			files = (
			);
			runOnlyForDeploymentPostprocessing = 0;
		};
/* End PBXResourcesBuildPhase section */

/* Begin PBXSourcesBuildPhase section */
		CD5289F51BCD5B340042DC4C /* Sources */ = {
			isa = PBXSourcesBuildPhase;
			buildActionMask = 2147483647;
			files = (
				CD5289FF1BCD5B340042DC4C /* ViewController.swift in Sources */,
				CD5289FD1BCD5B340042DC4C /* AppDelegate.swift in Sources */,
			);
			runOnlyForDeploymentPostprocessing = 0;
		};
		CD528A091BCD5B340042DC4C /* Sources */ = {
			isa = PBXSourcesBuildPhase;
			buildActionMask = 2147483647;
			files = (
				CD528A121BCD5B340042DC4C /* gesturesTests.swift in Sources */,
			);
			runOnlyForDeploymentPostprocessing = 0;
		};
		CD528A141BCD5B340042DC4C /* Sources */ = {
			isa = PBXSourcesBuildPhase;
			buildActionMask = 2147483647;
			files = (
				CD528A1D1BCD5B340042DC4C /* gesturesUITests.swift in Sources */,
			);
			runOnlyForDeploymentPostprocessing = 0;
		};
/* End PBXSourcesBuildPhase section */

/* Begin PBXTargetDependency section */
		CD528A0F1BCD5B340042DC4C /* PBXTargetDependency */ = {
			isa = PBXTargetDependency;
			target = CD5289F81BCD5B340042DC4C /* gestures */;
			targetProxy = CD528A0E1BCD5B340042DC4C /* PBXContainerItemProxy */;
		};
		CD528A1A1BCD5B340042DC4C /* PBXTargetDependency */ = {
			isa = PBXTargetDependency;
			target = CD5289F81BCD5B340042DC4C /* gestures */;
			targetProxy = CD528A191BCD5B340042DC4C /* PBXContainerItemProxy */;
		};
/* End PBXTargetDependency section */

/* Begin PBXVariantGroup section */
		CD528A001BCD5B340042DC4C /* Main.storyboard */ = {
			isa = PBXVariantGroup;
			children = (
				CD528A011BCD5B340042DC4C /* Base */,
			);
			name = Main.storyboard;
			sourceTree = "<group>";
		};
		CD528A051BCD5B340042DC4C /* LaunchScreen.storyboard */ = {
			isa = PBXVariantGroup;
			children = (
				CD528A061BCD5B340042DC4C /* Base */,
			);
			name = LaunchScreen.storyboard;
			sourceTree = "<group>";
		};
/* End PBXVariantGroup section */

/* Begin XCBuildConfiguration section */
		CD528A1F1BCD5B340042DC4C /* Debug */ = {
			isa = XCBuildConfiguration;
			buildSettings = {
				ALWAYS_SEARCH_USER_PATHS = NO;
				CLANG_CXX_LANGUAGE_STANDARD = "gnu++0x";
				CLANG_CXX_LIBRARY = "libc++";
				CLANG_ENABLE_MODULES = YES;
				CLANG_ENABLE_OBJC_ARC = YES;
				CLANG_WARN_BOOL_CONVERSION = YES;
				CLANG_WARN_CONSTANT_CONVERSION = YES;
				CLANG_WARN_DIRECT_OBJC_ISA_USAGE = YES_ERROR;
				CLANG_WARN_EMPTY_BODY = YES;
				CLANG_WARN_ENUM_CONVERSION = YES;
				CLANG_WARN_INT_CONVERSION = YES;
				CLANG_WARN_OBJC_ROOT_CLASS = YES_ERROR;
				CLANG_WARN_UNREACHABLE_CODE = YES;
				CLANG_WARN__DUPLICATE_METHOD_MATCH = YES;
				"CODE_SIGN_IDENTITY[sdk=iphoneos*]" = "iPhone Developer";
				COPY_PHASE_STRIP = NO;
				DEBUG_INFORMATION_FORMAT = dwarf;
				ENABLE_STRICT_OBJC_MSGSEND = YES;
				ENABLE_TESTABILITY = YES;
				GCC_C_LANGUAGE_STANDARD = gnu99;
				GCC_DYNAMIC_NO_PIC = NO;
				GCC_NO_COMMON_BLOCKS = YES;
				GCC_OPTIMIZATION_LEVEL = 0;
				GCC_PREPROCESSOR_DEFINITIONS = (
					"DEBUG=1",
					"$(inherited)",
				);
				GCC_WARN_64_TO_32_BIT_CONVERSION = YES;
				GCC_WARN_ABOUT_RETURN_TYPE = YES_ERROR;
				GCC_WARN_UNDECLARED_SELECTOR = YES;
				GCC_WARN_UNINITIALIZED_AUTOS = YES_AGGRESSIVE;
				GCC_WARN_UNUSED_FUNCTION = YES;
				GCC_WARN_UNUSED_VARIABLE = YES;
				IPHONEOS_DEPLOYMENT_TARGET = 9.0;
				MTL_ENABLE_DEBUG_INFO = YES;
				ONLY_ACTIVE_ARCH = YES;
				SDKROOT = iphoneos;
				SWIFT_OPTIMIZATION_LEVEL = "-Onone";
			};
			name = Debug;
		};
		CD528A201BCD5B340042DC4C /* Release */ = {
			isa = XCBuildConfiguration;
			buildSettings = {
				ALWAYS_SEARCH_USER_PATHS = NO;
				CLANG_CXX_LANGUAGE_STANDARD = "gnu++0x";
				CLANG_CXX_LIBRARY = "libc++";
				CLANG_ENABLE_MODULES = YES;
				CLANG_ENABLE_OBJC_ARC = YES;
				CLANG_WARN_BOOL_CONVERSION = YES;
				CLANG_WARN_CONSTANT_CONVERSION = YES;
				CLANG_WARN_DIRECT_OBJC_ISA_USAGE = YES_ERROR;
				CLANG_WARN_EMPTY_BODY = YES;
				CLANG_WARN_ENUM_CONVERSION = YES;
				CLANG_WARN_INT_CONVERSION = YES;
				CLANG_WARN_OBJC_ROOT_CLASS = YES_ERROR;
				CLANG_WARN_UNREACHABLE_CODE = YES;
				CLANG_WARN__DUPLICATE_METHOD_MATCH = YES;
				"CODE_SIGN_IDENTITY[sdk=iphoneos*]" = "iPhone Developer";
				COPY_PHASE_STRIP = NO;
				DEBUG_INFORMATION_FORMAT = "dwarf-with-dsym";
				ENABLE_NS_ASSERTIONS = NO;
				ENABLE_STRICT_OBJC_MSGSEND = YES;
				GCC_C_LANGUAGE_STANDARD = gnu99;
				GCC_NO_COMMON_BLOCKS = YES;
				GCC_WARN_64_TO_32_BIT_CONVERSION = YES;
				GCC_WARN_ABOUT_RETURN_TYPE = YES_ERROR;
				GCC_WARN_UNDECLARED_SELECTOR = YES;
				GCC_WARN_UNINITIALIZED_AUTOS = YES_AGGRESSIVE;
				GCC_WARN_UNUSED_FUNCTION = YES;
				GCC_WARN_UNUSED_VARIABLE = YES;
				IPHONEOS_DEPLOYMENT_TARGET = 9.0;
				MTL_ENABLE_DEBUG_INFO = NO;
				SDKROOT = iphoneos;
				VALIDATE_PRODUCT = YES;
			};
			name = Release;
		};
		CD528A221BCD5B340042DC4C /* Debug */ = {
			isa = XCBuildConfiguration;
			buildSettings = {
				ASSETCATALOG_COMPILER_APPICON_NAME = AppIcon;
				INFOPLIST_FILE = gestures/Info.plist;
				LD_RUNPATH_SEARCH_PATHS = "$(inherited) @executable_path/Frameworks";
				PRODUCT_BUNDLE_IDENTIFIER = com.DawsonBotsford.gestures;
				PRODUCT_NAME = "$(TARGET_NAME)";
			};
			name = Debug;
		};
		CD528A231BCD5B340042DC4C /* Release */ = {
			isa = XCBuildConfiguration;
			buildSettings = {
				ASSETCATALOG_COMPILER_APPICON_NAME = AppIcon;
				INFOPLIST_FILE = gestures/Info.plist;
				LD_RUNPATH_SEARCH_PATHS = "$(inherited) @executable_path/Frameworks";
				PRODUCT_BUNDLE_IDENTIFIER = com.DawsonBotsford.gestures;
				PRODUCT_NAME = "$(TARGET_NAME)";
			};
			name = Release;
		};
		CD528A251BCD5B340042DC4C /* Debug */ = {
			isa = XCBuildConfiguration;
			buildSettings = {
				BUNDLE_LOADER = "$(TEST_HOST)";
				INFOPLIST_FILE = gesturesTests/Info.plist;
				LD_RUNPATH_SEARCH_PATHS = "$(inherited) @executable_path/Frameworks @loader_path/Frameworks";
				PRODUCT_BUNDLE_IDENTIFIER = com.DawsonBotsford.gesturesTests;
				PRODUCT_NAME = "$(TARGET_NAME)";
				TEST_HOST = "$(BUILT_PRODUCTS_DIR)/gestures.app/gestures";
			};
			name = Debug;
		};
		CD528A261BCD5B340042DC4C /* Release */ = {
			isa = XCBuildConfiguration;
			buildSettings = {
				BUNDLE_LOADER = "$(TEST_HOST)";
				INFOPLIST_FILE = gesturesTests/Info.plist;
				LD_RUNPATH_SEARCH_PATHS = "$(inherited) @executable_path/Frameworks @loader_path/Frameworks";
				PRODUCT_BUNDLE_IDENTIFIER = com.DawsonBotsford.gesturesTests;
				PRODUCT_NAME = "$(TARGET_NAME)";
				TEST_HOST = "$(BUILT_PRODUCTS_DIR)/gestures.app/gestures";
			};
			name = Release;
		};
		CD528A281BCD5B340042DC4C /* Debug */ = {
			isa = XCBuildConfiguration;
			buildSettings = {
				INFOPLIST_FILE = gesturesUITests/Info.plist;
				LD_RUNPATH_SEARCH_PATHS = "$(inherited) @executable_path/Frameworks @loader_path/Frameworks";
				PRODUCT_BUNDLE_IDENTIFIER = com.DawsonBotsford.gesturesUITests;
				PRODUCT_NAME = "$(TARGET_NAME)";
				TEST_TARGET_NAME = gestures;
				USES_XCTRUNNER = YES;
			};
			name = Debug;
		};
		CD528A291BCD5B340042DC4C /* Release */ = {
			isa = XCBuildConfiguration;
			buildSettings = {
				INFOPLIST_FILE = gesturesUITests/Info.plist;
				LD_RUNPATH_SEARCH_PATHS = "$(inherited) @executable_path/Frameworks @loader_path/Frameworks";
				PRODUCT_BUNDLE_IDENTIFIER = com.DawsonBotsford.gesturesUITests;
				PRODUCT_NAME = "$(TARGET_NAME)";
				TEST_TARGET_NAME = gestures;
				USES_XCTRUNNER = YES;
			};
			name = Release;
		};
/* End XCBuildConfiguration section */

/* Begin XCConfigurationList section */
		CD5289F41BCD5B340042DC4C /* Build configuration list for PBXProject "gestures" */ = {
			isa = XCConfigurationList;
			buildConfigurations = (
				CD528A1F1BCD5B340042DC4C /* Debug */,
				CD528A201BCD5B340042DC4C /* Release */,
			);
			defaultConfigurationIsVisible = 0;
			defaultConfigurationName = Release;
		};
		CD528A211BCD5B340042DC4C /* Build configuration list for PBXNativeTarget "gestures" */ = {
			isa = XCConfigurationList;
			buildConfigurations = (
				CD528A221BCD5B340042DC4C /* Debug */,
				CD528A231BCD5B340042DC4C /* Release */,
			);
			defaultConfigurationIsVisible = 0;
		};
		CD528A241BCD5B340042DC4C /* Build configuration list for PBXNativeTarget "gesturesTests" */ = {
			isa = XCConfigurationList;
			buildConfigurations = (
				CD528A251BCD5B340042DC4C /* Debug */,
				CD528A261BCD5B340042DC4C /* Release */,
			);
			defaultConfigurationIsVisible = 0;
		};
		CD528A271BCD5B340042DC4C /* Build configuration list for PBXNativeTarget "gesturesUITests" */ = {
			isa = XCConfigurationList;
			buildConfigurations = (
				CD528A281BCD5B340042DC4C /* Debug */,
				CD528A291BCD5B340042DC4C /* Release */,
			);
			defaultConfigurationIsVisible = 0;
		};
/* End XCConfigurationList section */
	};
	rootObject = CD5289F11BCD5B340042DC4C /* Project object */;
}
