// !$*UTF8*$!
{
	archiveVersion = 1;
	classes = {
	};
	objectVersion = 46;
	objects = {

/* Begin PBXBuildFile section */
		CD87B47C1B96017B008477F1 /* AppDelegate.swift in Sources */ = {isa = PBXBuildFile; fileRef = CD87B47B1B96017B008477F1 /* AppDelegate.swift */; };
		CD87B47E1B96017B008477F1 /* ViewController.swift in Sources */ = {isa = PBXBuildFile; fileRef = CD87B47D1B96017B008477F1 /* ViewController.swift */; };
		CD87B4811B96017B008477F1 /* Main.storyboard in Resources */ = {isa = PBXBuildFile; fileRef = CD87B47F1B96017B008477F1 /* Main.storyboard */; };
		CD87B4831B96017B008477F1 /* Images.xcassets in Resources */ = {isa = PBXBuildFile; fileRef = CD87B4821B96017B008477F1 /* Images.xcassets */; };
		CD87B4861B96017B008477F1 /* LaunchScreen.xib in Resources */ = {isa = PBXBuildFile; fileRef = CD87B4841B96017B008477F1 /* LaunchScreen.xib */; };
		CD87B4921B96017B008477F1 /* lab1Tests.swift in Sources */ = {isa = PBXBuildFile; fileRef = CD87B4911B96017B008477F1 /* lab1Tests.swift */; };
/* End PBXBuildFile section */

/* Begin PBXContainerItemProxy section */
		CD87B48C1B96017B008477F1 /* PBXContainerItemProxy */ = {
			isa = PBXContainerItemProxy;
			containerPortal = CD87B46E1B96017B008477F1 /* Project object */;
			proxyType = 1;
			remoteGlobalIDString = CD87B4751B96017B008477F1;
			remoteInfo = lab1;
		};
/* End PBXContainerItemProxy section */

/* Begin PBXFileReference section */
		CD87B4761B96017B008477F1 /* lab1.app */ = {isa = PBXFileReference; explicitFileType = wrapper.application; includeInIndex = 0; path = lab1.app; sourceTree = BUILT_PRODUCTS_DIR; };
		CD87B47A1B96017B008477F1 /* Info.plist */ = {isa = PBXFileReference; lastKnownFileType = text.plist.xml; path = Info.plist; sourceTree = "<group>"; };
		CD87B47B1B96017B008477F1 /* AppDelegate.swift */ = {isa = PBXFileReference; lastKnownFileType = sourcecode.swift; path = AppDelegate.swift; sourceTree = "<group>"; };
		CD87B47D1B96017B008477F1 /* ViewController.swift */ = {isa = PBXFileReference; lastKnownFileType = sourcecode.swift; path = ViewController.swift; sourceTree = "<group>"; };
		CD87B4801B96017B008477F1 /* Base */ = {isa = PBXFileReference; lastKnownFileType = file.storyboard; name = Base; path = Base.lproj/Main.storyboard; sourceTree = "<group>"; };
		CD87B4821B96017B008477F1 /* Images.xcassets */ = {isa = PBXFileReference; lastKnownFileType = folder.assetcatalog; path = Images.xcassets; sourceTree = "<group>"; };
		CD87B4851B96017B008477F1 /* Base */ = {isa = PBXFileReference; lastKnownFileType = file.xib; name = Base; path = Base.lproj/LaunchScreen.xib; sourceTree = "<group>"; };
		CD87B48B1B96017B008477F1 /* lab1Tests.xctest */ = {isa = PBXFileReference; explicitFileType = wrapper.cfbundle; includeInIndex = 0; path = lab1Tests.xctest; sourceTree = BUILT_PRODUCTS_DIR; };
		CD87B4901B96017B008477F1 /* Info.plist */ = {isa = PBXFileReference; lastKnownFileType = text.plist.xml; path = Info.plist; sourceTree = "<group>"; };
		CD87B4911B96017B008477F1 /* lab1Tests.swift */ = {isa = PBXFileReference; lastKnownFileType = sourcecode.swift; path = lab1Tests.swift; sourceTree = "<group>"; };
/* End PBXFileReference section */

/* Begin PBXFrameworksBuildPhase section */
		CD87B4731B96017B008477F1 /* Frameworks */ = {
			isa = PBXFrameworksBuildPhase;
			buildActionMask = 2147483647;
			files = (
			);
			runOnlyForDeploymentPostprocessing = 0;
		};
		CD87B4881B96017B008477F1 /* Frameworks */ = {
			isa = PBXFrameworksBuildPhase;
			buildActionMask = 2147483647;
			files = (
			);
			runOnlyForDeploymentPostprocessing = 0;
		};
/* End PBXFrameworksBuildPhase section */

/* Begin PBXGroup section */
		CD87B46D1B96017B008477F1 = {
			isa = PBXGroup;
			children = (
				CD87B4781B96017B008477F1 /* lab1 */,
				CD87B48E1B96017B008477F1 /* lab1Tests */,
				CD87B4771B96017B008477F1 /* Products */,
			);
			sourceTree = "<group>";
		};
		CD87B4771B96017B008477F1 /* Products */ = {
			isa = PBXGroup;
			children = (
				CD87B4761B96017B008477F1 /* lab1.app */,
				CD87B48B1B96017B008477F1 /* lab1Tests.xctest */,
			);
			name = Products;
			sourceTree = "<group>";
		};
		CD87B4781B96017B008477F1 /* lab1 */ = {
			isa = PBXGroup;
			children = (
				CD87B47B1B96017B008477F1 /* AppDelegate.swift */,
				CD87B47D1B96017B008477F1 /* ViewController.swift */,
				CD87B47F1B96017B008477F1 /* Main.storyboard */,
				CD87B4821B96017B008477F1 /* Images.xcassets */,
				CD87B4841B96017B008477F1 /* LaunchScreen.xib */,
				CD87B4791B96017B008477F1 /* Supporting Files */,
			);
			path = lab1;
			sourceTree = "<group>";
		};
		CD87B4791B96017B008477F1 /* Supporting Files */ = {
			isa = PBXGroup;
			children = (
				CD87B47A1B96017B008477F1 /* Info.plist */,
			);
			name = "Supporting Files";
			sourceTree = "<group>";
		};
		CD87B48E1B96017B008477F1 /* lab1Tests */ = {
			isa = PBXGroup;
			children = (
				CD87B4911B96017B008477F1 /* lab1Tests.swift */,
				CD87B48F1B96017B008477F1 /* Supporting Files */,
			);
			path = lab1Tests;
			sourceTree = "<group>";
		};
		CD87B48F1B96017B008477F1 /* Supporting Files */ = {
			isa = PBXGroup;
			children = (
				CD87B4901B96017B008477F1 /* Info.plist */,
			);
			name = "Supporting Files";
			sourceTree = "<group>";
		};
/* End PBXGroup section */

/* Begin PBXNativeTarget section */
		CD87B4751B96017B008477F1 /* lab1 */ = {
			isa = PBXNativeTarget;
			buildConfigurationList = CD87B4951B96017B008477F1 /* Build configuration list for PBXNativeTarget "lab1" */;
			buildPhases = (
				CD87B4721B96017B008477F1 /* Sources */,
				CD87B4731B96017B008477F1 /* Frameworks */,
				CD87B4741B96017B008477F1 /* Resources */,
			);
			buildRules = (
			);
			dependencies = (
			);
			name = lab1;
			productName = lab1;
			productReference = CD87B4761B96017B008477F1 /* lab1.app */;
			productType = "com.apple.product-type.application";
		};
		CD87B48A1B96017B008477F1 /* lab1Tests */ = {
			isa = PBXNativeTarget;
			buildConfigurationList = CD87B4981B96017B008477F1 /* Build configuration list for PBXNativeTarget "lab1Tests" */;
			buildPhases = (
				CD87B4871B96017B008477F1 /* Sources */,
				CD87B4881B96017B008477F1 /* Frameworks */,
				CD87B4891B96017B008477F1 /* Resources */,
			);
			buildRules = (
			);
			dependencies = (
				CD87B48D1B96017B008477F1 /* PBXTargetDependency */,
			);
			name = lab1Tests;
			productName = lab1Tests;
			productReference = CD87B48B1B96017B008477F1 /* lab1Tests.xctest */;
			productType = "com.apple.product-type.bundle.unit-test";
		};
/* End PBXNativeTarget section */

/* Begin PBXProject section */
		CD87B46E1B96017B008477F1 /* Project object */ = {
			isa = PBXProject;
			attributes = {
				LastUpgradeCheck = 0640;
				ORGANIZATIONNAME = "Dawson Botsford";
				TargetAttributes = {
					CD87B4751B96017B008477F1 = {
						CreatedOnToolsVersion = 6.4;
					};
					CD87B48A1B96017B008477F1 = {
						CreatedOnToolsVersion = 6.4;
						TestTargetID = CD87B4751B96017B008477F1;
					};
				};
			};
			buildConfigurationList = CD87B4711B96017B008477F1 /* Build configuration list for PBXProject "lab1" */;
			compatibilityVersion = "Xcode 3.2";
			developmentRegion = English;
			hasScannedForEncodings = 0;
			knownRegions = (
				en,
				Base,
			);
			mainGroup = CD87B46D1B96017B008477F1;
			productRefGroup = CD87B4771B96017B008477F1 /* Products */;
			projectDirPath = "";
			projectRoot = "";
			targets = (
				CD87B4751B96017B008477F1 /* lab1 */,
				CD87B48A1B96017B008477F1 /* lab1Tests */,
			);
		};
/* End PBXProject section */

/* Begin PBXResourcesBuildPhase section */
		CD87B4741B96017B008477F1 /* Resources */ = {
			isa = PBXResourcesBuildPhase;
			buildActionMask = 2147483647;
			files = (
				CD87B4811B96017B008477F1 /* Main.storyboard in Resources */,
				CD87B4861B96017B008477F1 /* LaunchScreen.xib in Resources */,
				CD87B4831B96017B008477F1 /* Images.xcassets in Resources */,
			);
			runOnlyForDeploymentPostprocessing = 0;
		};
		CD87B4891B96017B008477F1 /* Resources */ = {
			isa = PBXResourcesBuildPhase;
			buildActionMask = 2147483647;
			files = (
			);
			runOnlyForDeploymentPostprocessing = 0;
		};
/* End PBXResourcesBuildPhase section */

/* Begin PBXSourcesBuildPhase section */
		CD87B4721B96017B008477F1 /* Sources */ = {
			isa = PBXSourcesBuildPhase;
			buildActionMask = 2147483647;
			files = (
				CD87B47E1B96017B008477F1 /* ViewController.swift in Sources */,
				CD87B47C1B96017B008477F1 /* AppDelegate.swift in Sources */,
			);
			runOnlyForDeploymentPostprocessing = 0;
		};
		CD87B4871B96017B008477F1 /* Sources */ = {
			isa = PBXSourcesBuildPhase;
			buildActionMask = 2147483647;
			files = (
				CD87B4921B96017B008477F1 /* lab1Tests.swift in Sources */,
			);
			runOnlyForDeploymentPostprocessing = 0;
		};
/* End PBXSourcesBuildPhase section */

/* Begin PBXTargetDependency section */
		CD87B48D1B96017B008477F1 /* PBXTargetDependency */ = {
			isa = PBXTargetDependency;
			target = CD87B4751B96017B008477F1 /* lab1 */;
			targetProxy = CD87B48C1B96017B008477F1 /* PBXContainerItemProxy */;
		};
/* End PBXTargetDependency section */

/* Begin PBXVariantGroup section */
		CD87B47F1B96017B008477F1 /* Main.storyboard */ = {
			isa = PBXVariantGroup;
			children = (
				CD87B4801B96017B008477F1 /* Base */,
			);
			name = Main.storyboard;
			sourceTree = "<group>";
		};
		CD87B4841B96017B008477F1 /* LaunchScreen.xib */ = {
			isa = PBXVariantGroup;
			children = (
				CD87B4851B96017B008477F1 /* Base */,
			);
			name = LaunchScreen.xib;
			sourceTree = "<group>";
		};
/* End PBXVariantGroup section */

/* Begin XCBuildConfiguration section */
		CD87B4931B96017B008477F1 /* Debug */ = {
			isa = XCBuildConfiguration;
			buildSettings = {
				ALWAYS_SEARCH_USER_PATHS = NO;
				CLANG_CXX_LANGUAGE_STANDARD = "gnu++0x";
				CLANG_CXX_LIBRARY = "libc++";
				CLANG_ENABLE_MODULES = YES;
				CLANG_ENABLE_OBJC_ARC = YES;
				CLANG_WARN_BOOL_CONVERSION = YES;
				CLANG_WARN_CONSTANT_CONVERSION = YES;
				CLANG_WARN_DIRECT_OBJC_ISA_USAGE = YES_ERROR;
				CLANG_WARN_EMPTY_BODY = YES;
				CLANG_WARN_ENUM_CONVERSION = YES;
				CLANG_WARN_INT_CONVERSION = YES;
				CLANG_WARN_OBJC_ROOT_CLASS = YES_ERROR;
				CLANG_WARN_UNREACHABLE_CODE = YES;
				CLANG_WARN__DUPLICATE_METHOD_MATCH = YES;
				"CODE_SIGN_IDENTITY[sdk=iphoneos*]" = "iPhone Developer";
				COPY_PHASE_STRIP = NO;
				DEBUG_INFORMATION_FORMAT = "dwarf-with-dsym";
				ENABLE_STRICT_OBJC_MSGSEND = YES;
				GCC_C_LANGUAGE_STANDARD = gnu99;
				GCC_DYNAMIC_NO_PIC = NO;
				GCC_NO_COMMON_BLOCKS = YES;
				GCC_OPTIMIZATION_LEVEL = 0;
				GCC_PREPROCESSOR_DEFINITIONS = (
					"DEBUG=1",
					"$(inherited)",
				);
				GCC_SYMBOLS_PRIVATE_EXTERN = NO;
				GCC_WARN_64_TO_32_BIT_CONVERSION = YES;
				GCC_WARN_ABOUT_RETURN_TYPE = YES_ERROR;
				GCC_WARN_UNDECLARED_SELECTOR = YES;
				GCC_WARN_UNINITIALIZED_AUTOS = YES_AGGRESSIVE;
				GCC_WARN_UNUSED_FUNCTION = YES;
				GCC_WARN_UNUSED_VARIABLE = YES;
				IPHONEOS_DEPLOYMENT_TARGET = 8.4;
				MTL_ENABLE_DEBUG_INFO = YES;
				ONLY_ACTIVE_ARCH = YES;
				SDKROOT = iphoneos;
				SWIFT_OPTIMIZATION_LEVEL = "-Onone";
			};
			name = Debug;
		};
		CD87B4941B96017B008477F1 /* Release */ = {
			isa = XCBuildConfiguration;
			buildSettings = {
				ALWAYS_SEARCH_USER_PATHS = NO;
				CLANG_CXX_LANGUAGE_STANDARD = "gnu++0x";
				CLANG_CXX_LIBRARY = "libc++";
				CLANG_ENABLE_MODULES = YES;
				CLANG_ENABLE_OBJC_ARC = YES;
				CLANG_WARN_BOOL_CONVERSION = YES;
				CLANG_WARN_CONSTANT_CONVERSION = YES;
				CLANG_WARN_DIRECT_OBJC_ISA_USAGE = YES_ERROR;
				CLANG_WARN_EMPTY_BODY = YES;
				CLANG_WARN_ENUM_CONVERSION = YES;
				CLANG_WARN_INT_CONVERSION = YES;
				CLANG_WARN_OBJC_ROOT_CLASS = YES_ERROR;
				CLANG_WARN_UNREACHABLE_CODE = YES;
				CLANG_WARN__DUPLICATE_METHOD_MATCH = YES;
				"CODE_SIGN_IDENTITY[sdk=iphoneos*]" = "iPhone Developer";
				COPY_PHASE_STRIP = NO;
				DEBUG_INFORMATION_FORMAT = "dwarf-with-dsym";
				ENABLE_NS_ASSERTIONS = NO;
				ENABLE_STRICT_OBJC_MSGSEND = YES;
				GCC_C_LANGUAGE_STANDARD = gnu99;
				GCC_NO_COMMON_BLOCKS = YES;
				GCC_WARN_64_TO_32_BIT_CONVERSION = YES;
				GCC_WARN_ABOUT_RETURN_TYPE = YES_ERROR;
				GCC_WARN_UNDECLARED_SELECTOR = YES;
				GCC_WARN_UNINITIALIZED_AUTOS = YES_AGGRESSIVE;
				GCC_WARN_UNUSED_FUNCTION = YES;
				GCC_WARN_UNUSED_VARIABLE = YES;
				IPHONEOS_DEPLOYMENT_TARGET = 8.4;
				MTL_ENABLE_DEBUG_INFO = NO;
				SDKROOT = iphoneos;
				VALIDATE_PRODUCT = YES;
			};
			name = Release;
		};
		CD87B4961B96017B008477F1 /* Debug */ = {
			isa = XCBuildConfiguration;
			buildSettings = {
				ASSETCATALOG_COMPILER_APPICON_NAME = AppIcon;
				INFOPLIST_FILE = lab1/Info.plist;
				LD_RUNPATH_SEARCH_PATHS = "$(inherited) @executable_path/Frameworks";
				PRODUCT_NAME = "$(TARGET_NAME)";
			};
			name = Debug;
		};
		CD87B4971B96017B008477F1 /* Release */ = {
			isa = XCBuildConfiguration;
			buildSettings = {
				ASSETCATALOG_COMPILER_APPICON_NAME = AppIcon;
				INFOPLIST_FILE = lab1/Info.plist;
				LD_RUNPATH_SEARCH_PATHS = "$(inherited) @executable_path/Frameworks";
				PRODUCT_NAME = "$(TARGET_NAME)";
			};
			name = Release;
		};
		CD87B4991B96017B008477F1 /* Debug */ = {
			isa = XCBuildConfiguration;
			buildSettings = {
				BUNDLE_LOADER = "$(TEST_HOST)";
				FRAMEWORK_SEARCH_PATHS = (
					"$(SDKROOT)/Developer/Library/Frameworks",
					"$(inherited)",
				);
				GCC_PREPROCESSOR_DEFINITIONS = (
					"DEBUG=1",
					"$(inherited)",
				);
				INFOPLIST_FILE = lab1Tests/Info.plist;
				LD_RUNPATH_SEARCH_PATHS = "$(inherited) @executable_path/Frameworks @loader_path/Frameworks";
				PRODUCT_NAME = "$(TARGET_NAME)";
				TEST_HOST = "$(BUILT_PRODUCTS_DIR)/lab1.app/lab1";
			};
			name = Debug;
		};
		CD87B49A1B96017B008477F1 /* Release */ = {
			isa = XCBuildConfiguration;
			buildSettings = {
				BUNDLE_LOADER = "$(TEST_HOST)";
				FRAMEWORK_SEARCH_PATHS = (
					"$(SDKROOT)/Developer/Library/Frameworks",
					"$(inherited)",
				);
				INFOPLIST_FILE = lab1Tests/Info.plist;
				LD_RUNPATH_SEARCH_PATHS = "$(inherited) @executable_path/Frameworks @loader_path/Frameworks";
				PRODUCT_NAME = "$(TARGET_NAME)";
				TEST_HOST = "$(BUILT_PRODUCTS_DIR)/lab1.app/lab1";
			};
			name = Release;
		};
/* End XCBuildConfiguration section */

/* Begin XCConfigurationList section */
		CD87B4711B96017B008477F1 /* Build configuration list for PBXProject "lab1" */ = {
			isa = XCConfigurationList;
			buildConfigurations = (
				CD87B4931B96017B008477F1 /* Debug */,
				CD87B4941B96017B008477F1 /* Release */,
			);
			defaultConfigurationIsVisible = 0;
			defaultConfigurationName = Release;
		};
		CD87B4951B96017B008477F1 /* Build configuration list for PBXNativeTarget "lab1" */ = {
			isa = XCConfigurationList;
			buildConfigurations = (
				CD87B4961B96017B008477F1 /* Debug */,
				CD87B4971B96017B008477F1 /* Release */,
			);
			defaultConfigurationIsVisible = 0;
		};
		CD87B4981B96017B008477F1 /* Build configuration list for PBXNativeTarget "lab1Tests" */ = {
			isa = XCConfigurationList;
			buildConfigurations = (
				CD87B4991B96017B008477F1 /* Debug */,
				CD87B49A1B96017B008477F1 /* Release */,
			);
			defaultConfigurationIsVisible = 0;
		};
/* End XCConfigurationList section */
	};
	rootObject = CD87B46E1B96017B008477F1 /* Project object */;
}
